
Microsoft Visual Studio Solution File, Format Version 12.00
# Visual Studio Version 17
VisualStudioVersion = 17.0.31903.59
MinimumVisualStudioVersion = 10.0.40219.1
Project("{FAE04EC0-301F-11D3-BF4B-00C04F79EFBC}") = "Day1Solution", "Day1Solution\Day1Solution.csproj", "{3131A7E6-B3AD-47CF-AB96-D8A8D75257C1}"
EndProject
Project("{FAE04EC0-301F-11D3-BF4B-00C04F79EFBC}") = "Day2Solution", "Day2Solution\Day2Solution.csproj", "{14DF1382-99EB-43F1-A571-D92401898AE9}"
EndProject
Project("{FAE04EC0-301F-11D3-BF4B-00C04F79EFBC}") = "Day3Solution", "Day3Solution\Day3Solution.csproj", "{6963E079-CCA9-41C6-8157-7E2D6C9C5CD2}"
EndProject
Project("{FAE04EC0-301F-11D3-BF4B-00C04F79EFBC}") = "Day4Solution", "Day4Solution\Day4Solution.csproj", "{1A6CCFE3-631C-43C4-AFB8-7CB88226F066}"
EndProject
Project("{FAE04EC0-301F-11D3-BF4B-00C04F79EFBC}") = "Day5Solution", "Day5Solution\Day5Solution.csproj", "{F0BB99E5-BA4C-4D61-91CA-A79E27A9FEC5}"
EndProject
Global
	GlobalSection(SolutionConfigurationPlatforms) = preSolution
		Debug|Any CPU = Debug|Any CPU
		Release|Any CPU = Release|Any CPU
	EndGlobalSection
	GlobalSection(ProjectConfigurationPlatforms) = postSolution
		{3131A7E6-B3AD-47CF-AB96-D8A8D75257C1}.Debug|Any CPU.ActiveCfg = Debug|Any CPU
		{3131A7E6-B3AD-47CF-AB96-D8A8D75257C1}.Debug|Any CPU.Build.0 = Debug|Any CPU
		{3131A7E6-B3AD-47CF-AB96-D8A8D75257C1}.Release|Any CPU.ActiveCfg = Release|Any CPU
		{3131A7E6-B3AD-47CF-AB96-D8A8D75257C1}.Release|Any CPU.Build.0 = Release|Any CPU
		{14DF1382-99EB-43F1-A571-D92401898AE9}.Debug|Any CPU.ActiveCfg = Debug|Any CPU
		{14DF1382-99EB-43F1-A571-D92401898AE9}.Debug|Any CPU.Build.0 = Debug|Any CPU
		{14DF1382-99EB-43F1-A571-D92401898AE9}.Release|Any CPU.ActiveCfg = Release|Any CPU
		{14DF1382-99EB-43F1-A571-D92401898AE9}.Release|Any CPU.Build.0 = Release|Any CPU
		{6963E079-CCA9-41C6-8157-7E2D6C9C5CD2}.Debug|Any CPU.ActiveCfg = Debug|Any CPU
		{6963E079-CCA9-41C6-8157-7E2D6C9C5CD2}.Debug|Any CPU.Build.0 = Debug|Any CPU
		{6963E079-CCA9-41C6-8157-7E2D6C9C5CD2}.Release|Any CPU.ActiveCfg = Release|Any CPU
		{6963E079-CCA9-41C6-8157-7E2D6C9C5CD2}.Release|Any CPU.Build.0 = Release|Any CPU
		{1A6CCFE3-631C-43C4-AFB8-7CB88226F066}.Debug|Any CPU.ActiveCfg = Debug|Any CPU
		{1A6CCFE3-631C-43C4-AFB8-7CB88226F066}.Debug|Any CPU.Build.0 = Debug|Any CPU
		{1A6CCFE3-631C-43C4-AFB8-7CB88226F066}.Release|Any CPU.ActiveCfg = Release|Any CPU
		{1A6CCFE3-631C-43C4-AFB8-7CB88226F066}.Release|Any CPU.Build.0 = Release|Any CPU
		{F0BB99E5-BA4C-4D61-91CA-A79E27A9FEC5}.Debug|Any CPU.ActiveCfg = Debug|Any CPU
		{F0BB99E5-BA4C-4D61-91CA-A79E27A9FEC5}.Debug|Any CPU.Build.0 = Debug|Any CPU
		{F0BB99E5-BA4C-4D61-91CA-A79E27A9FEC5}.Release|Any CPU.ActiveCfg = Release|Any CPU
		{F0BB99E5-BA4C-4D61-91CA-A79E27A9FEC5}.Release|Any CPU.Build.0 = Release|Any CPU
	EndGlobalSection
	GlobalSection(SolutionProperties) = preSolution
		HideSolutionNode = FALSE
	EndGlobalSection
	GlobalSection(ExtensibilityGlobals) = postSolution
		SolutionGuid = {A849467D-1BB2-439F-B5D6-73AD4DAA336C}
	EndGlobalSection
EndGlobal
